
Microsoft Visual Studio Solution File, Format Version 12.00
# Visual Studio Version 16
VisualStudioVersion = 16.0.31321.278
MinimumVisualStudioVersion = 10.0.40219.1
Project("{9A19103F-16F7-4668-BE54-9A1E7A4F7556}") = "PetroAppAPI", "PetroAppAPI\PetroAppAPI.csproj", "{E27038FA-62A4-4B8E-98BE-AB0DB1FC97DB}"
EndProject
Global
	GlobalSection(SolutionConfigurationPlatforms) = preSolution
		Debug|Any CPU = Debug|Any CPU
		Release|Any CPU = Release|Any CPU
	EndGlobalSection
	GlobalSection(ProjectConfigurationPlatforms) = postSolution
		{E27038FA-62A4-4B8E-98BE-AB0DB1FC97DB}.Debug|Any CPU.ActiveCfg = Debug|Any CPU
		{E27038FA-62A4-4B8E-98BE-AB0DB1FC97DB}.Debug|Any CPU.Build.0 = Debug|Any CPU
		{E27038FA-62A4-4B8E-98BE-AB0DB1FC97DB}.Release|Any CPU.ActiveCfg = Release|Any CPU
		{E27038FA-62A4-4B8E-98BE-AB0DB1FC97DB}.Release|Any CPU.Build.0 = Release|Any CPU
	EndGlobalSection
	GlobalSection(SolutionProperties) = preSolution
		HideSolutionNode = FALSE
	EndGlobalSection
	GlobalSection(ExtensibilityGlobals) = postSolution
		SolutionGuid = {0682981E-E2F8-4736-8792-B41284478568}
	EndGlobalSection
EndGlobal
